
Microsoft Visual Studio Solution File, Format Version 12.00
# Visual Studio 15
VisualStudioVersion = 15.0.34526.175
MinimumVisualStudioVersion = 10.0.40219.1
Project("{FAE04EC0-301F-11D3-BF4B-00C04F79EFBC}") = "CallingMethodsAssignment", "CallingMethodsAssignment\CallingMethodsAssignment.csproj", "{9FA82387-691C-42D4-8CA7-A34E60C12A47}"
EndProject
Global
	GlobalSection(SolutionConfigurationPlatforms) = preSolution
		Debug|Any CPU = Debug|Any CPU
		Release|Any CPU = Release|Any CPU
	EndGlobalSection
	GlobalSection(ProjectConfigurationPlatforms) = postSolution
		{9FA82387-691C-42D4-8CA7-A34E60C12A47}.Debug|Any CPU.ActiveCfg = Debug|Any CPU
		{9FA82387-691C-42D4-8CA7-A34E60C12A47}.Debug|Any CPU.Build.0 = Debug|Any CPU
		{9FA82387-691C-42D4-8CA7-A34E60C12A47}.Release|Any CPU.ActiveCfg = Release|Any CPU
		{9FA82387-691C-42D4-8CA7-A34E60C12A47}.Release|Any CPU.Build.0 = Release|Any CPU
	EndGlobalSection
	GlobalSection(SolutionProperties) = preSolution
		HideSolutionNode = FALSE
	EndGlobalSection
	GlobalSection(ExtensibilityGlobals) = postSolution
		SolutionGuid = {ECE6851A-4AFC-4ACC-AC88-80A76C04D4DD}
	EndGlobalSection
EndGlobal
